{
  "name": "jai-software-solutions",
  "version": "1.0.0",
  "lockfileVersion": 3,
  "requires": true,
  "packages": {
    "": {
      "name": "jai-software-solutions",
      "version": "1.0.0",
      "engines": {
        "node": "18.x",
        "npm": "10.x"
      },
      "dependencies": {
        "next": "^14.0.0",
        "react": "^18.2.0",
        "react-dom": "^18.2.0",
        "react-icons": "^4.12.0"
      },
      "devDependencies": {
        "@types/node": "^20.0.0",
        "@types/react": "^18.2.0",
        "autoprefixer": "^10.4.16",
        "postcss": "^8.4.31",
        "tailwindcss": "^3.3.0",
        "typescript": "^5.0.0"
      }
    },
    "node_modules/@types/node": {
      "version": "20.10.0",
      "resolved": "https://registry.npmjs.org/@types/node/-/node-20.10.0.tgz",
      "integrity": "sha512-D0WfIAEb+RR3s9yG64U50FYNjpTVjHpYOjdCWl2V38nmkV9mfCvKMxjYjBsUvfBb6xUH7LRtXjJgOEtXx7J8kA=="
    },
    "node_modules/@types/react": {
      "version": "18.2.37",
      "resolved": "https://registry.npmjs.org/@types/react/-/react-18.2.37.tgz",
      "integrity": "sha512-8DaQon2aNROEH+xf4/NlLKWHex7CojIHXoDkWoLZwnic5kFRdrS31LFkAuxCcAoMH2dFW7zGk1MXf5OD2Pp20Q=="
    },
    "node_modules/autoprefixer": {
      "version": "10.4.16",
      "resolved": "https://registry.npmjs.org/autoprefixer/-/autoprefixer-10.4.16.tgz",
      "integrity": "sha512-7aU+Fp0TTZiHmI6wK5lh6bIL+gJTuvjeWcsWvjXhf8xI2GYwKLY/+InQVyo0UmotN2CCjRE75e6yNjBIM2jjWQ==",
      "dev": true
    },
    "node_modules/next": {
      "version": "14.2.5",
      "resolved": "https://registry.npmjs.org/next/-/next-14.2.5.tgz",
      "integrity": "sha512-0vq0k3rw0D3Xoa8LAqNALr1IW5m5ZmCqFakMeJqMZCkLFhFR1EK0ePO9H/WfJ0qIJlVfB/0bKLJp1C7f/HwsQA=="
    },
    "node_modules/postcss": {
      "version": "8.4.31",
      "resolved": "https://registry.npmjs.org/postcss/-/postcss-8.4.31.tgz",
      "integrity": "sha512-PS08Iboia9mts/2ygV3eLpY5ghnUcfLV/EXTOW1E2qYxJKGGBUtNjN76FYHnMs36RmARn41bC0ADoqHQyuc4rA==",
      "dev": true
    },
    "node_modules/react": {
      "version": "18.2.0",
      "resolved": "https://registry.npmjs.org/react/-/react-18.2.0.tgz",
      "integrity": "sha512-/3IjMdb2cLG7Yl2XO6DAUpJ5z33K7MxfVc4clqQmMyHQvtFxk67G5m5dPNo9c9CLFNX4K9ppwjtu1DOt1CEgg=="
    },
    "node_modules/react-dom": {
      "version": "18.2.0",
      "resolved": "https://registry.npmjs.org/react-dom/-/react-dom-18.2.0.tgz",
      "integrity": "sha512-6IMTriUmvsjHUjNtEDudZfuVQUcSyWMV33EsrdSWYjw14chlBEDPJ1qM7lLWLm8dBWE4RMy07aQstMW+XGlAA=="
    },
    "node_modules/react-icons": {
      "version": "4.12.0",
      "resolved": "https://registry.npmjs.org/react-icons/-/react-icons-4.12.0.tgz",
      "integrity": "sha512-IBaDTjEAwicc+PFBcMLrVo0v/25Zj9a82vmF5z89BTUXr2GbpRX5rV/huNRLMHriqn2yMsS8qiURLLcNVzW4tw=="
    },
    "node_modules/tailwindcss": {
      "version": "3.3.6",
      "resolved": "https://registry.npmjs.org/tailwindcss/-/tailwindcss-3.3.6.tgz",
      "integrity": "sha512-qz94R3YkZDpuT/PlFKyN/uPxpK2e4WZmMD7TKc7j4I7Y8LoVPwhfqn7PgQJwEFj7S7gVrKpjJnzMW4ZCqJkzQ==",
      "dev": true
    },
    "node_modules/typescript": {
      "version": "5.3.3",
      "resolved": "https://registry.npmjs.org/typescript/-/typescript-5.3.3.tgz",
      "integrity": "sha512-pJWryGsd0pr29sYe8d8GjQVcMlvfEQpgbehCXcM8hLRpVKPhjA/RP4Nt8+1e/O9d8PD/Bn9hipUE7+KHJ2z5ww==",
      "dev": true
    }
  }
}
